
Microsoft Visual Studio Solution File, Format Version 12.00
# Visual Studio 15
VisualStudioVersion = 15.0.27130.2020
MinimumVisualStudioVersion = 10.0.40219.1
Project("{9A19103F-16F7-4668-BE54-9A1E7A4F7556}") = "Zenit.FrontEnd", "FrontEnd\Zenit.FrontEnd.csproj", "{1A5AF3C8-AA91-4056-813F-6B8D4E3A9826}"
EndProject
Project("{9A19103F-16F7-4668-BE54-9A1E7A4F7556}") = "Zenit.Cli", "Cli\Zenit.Cli.csproj", "{946F7701-E415-416F-A03C-6737750B8873}"
EndProject
Project("{FAE04EC0-301F-11D3-BF4B-00C04F79EFBC}") = "Zenit.Tests", "Zenit.Tests\Zenit.Tests.csproj", "{30DD796D-C234-4FBF-9EFE-700E8A83E8C5}"
EndProject
Global
	GlobalSection(SolutionConfigurationPlatforms) = preSolution
		Debug|Any CPU = Debug|Any CPU
		Release|Any CPU = Release|Any CPU
	EndGlobalSection
	GlobalSection(ProjectConfigurationPlatforms) = postSolution
		{1A5AF3C8-AA91-4056-813F-6B8D4E3A9826}.Debug|Any CPU.ActiveCfg = Debug|Any CPU
		{1A5AF3C8-AA91-4056-813F-6B8D4E3A9826}.Debug|Any CPU.Build.0 = Debug|Any CPU
		{1A5AF3C8-AA91-4056-813F-6B8D4E3A9826}.Release|Any CPU.ActiveCfg = Release|Any CPU
		{1A5AF3C8-AA91-4056-813F-6B8D4E3A9826}.Release|Any CPU.Build.0 = Release|Any CPU
		{946F7701-E415-416F-A03C-6737750B8873}.Debug|Any CPU.ActiveCfg = Debug|Any CPU
		{946F7701-E415-416F-A03C-6737750B8873}.Debug|Any CPU.Build.0 = Debug|Any CPU
		{946F7701-E415-416F-A03C-6737750B8873}.Release|Any CPU.ActiveCfg = Release|Any CPU
		{946F7701-E415-416F-A03C-6737750B8873}.Release|Any CPU.Build.0 = Release|Any CPU
		{30DD796D-C234-4FBF-9EFE-700E8A83E8C5}.Debug|Any CPU.ActiveCfg = Debug|Any CPU
		{30DD796D-C234-4FBF-9EFE-700E8A83E8C5}.Debug|Any CPU.Build.0 = Debug|Any CPU
		{30DD796D-C234-4FBF-9EFE-700E8A83E8C5}.Release|Any CPU.ActiveCfg = Release|Any CPU
		{30DD796D-C234-4FBF-9EFE-700E8A83E8C5}.Release|Any CPU.Build.0 = Release|Any CPU
	EndGlobalSection
	GlobalSection(SolutionProperties) = preSolution
		HideSolutionNode = FALSE
	EndGlobalSection
	GlobalSection(ExtensibilityGlobals) = postSolution
		SolutionGuid = {E93D0CFE-F9D3-46A3-827B-CB05F5B47487}
	EndGlobalSection
EndGlobal
